// !$*UTF8*$!
{
	archiveVersion = 1;
	classes = {
	};
	objectVersion = 50;
	objects = {

/* Begin PBXBuildFile section */
		FAB69279259F5BA500CB163F /* AppDelegate.m in Sources */ = {isa = PBXBuildFile; fileRef = FAB69278259F5BA500CB163F /* AppDelegate.m */; };
		FAB6927C259F5BA500CB163F /* SceneDelegate.m in Sources */ = {isa = PBXBuildFile; fileRef = FAB6927B259F5BA500CB163F /* SceneDelegate.m */; };
		FAB6927F259F5BA500CB163F /* ViewController.m in Sources */ = {isa = PBXBuildFile; fileRef = FAB6927E259F5BA500CB163F /* ViewController.m */; };
		FAB69282259F5BA500CB163F /* Main.storyboard in Resources */ = {isa = PBXBuildFile; fileRef = FAB69280259F5BA500CB163F /* Main.storyboard */; };
		FAB69284259F5BA800CB163F /* Assets.xcassets in Resources */ = {isa = PBXBuildFile; fileRef = FAB69283259F5BA800CB163F /* Assets.xcassets */; };
		FAB69287259F5BA800CB163F /* LaunchScreen.storyboard in Resources */ = {isa = PBXBuildFile; fileRef = FAB69285259F5BA800CB163F /* LaunchScreen.storyboard */; };
		FAB6928A259F5BA800CB163F /* main.m in Sources */ = {isa = PBXBuildFile; fileRef = FAB69289259F5BA800CB163F /* main.m */; };
/* End PBXBuildFile section */

/* Begin PBXFileReference section */
		FAB69274259F5BA500CB163F /* Test-Project.app */ = {isa = PBXFileReference; explicitFileType = wrapper.application; includeInIndex = 0; path = "Test-Project.app"; sourceTree = BUILT_PRODUCTS_DIR; };
		FAB69277259F5BA500CB163F /* AppDelegate.h */ = {isa = PBXFileReference; lastKnownFileType = sourcecode.c.h; path = AppDelegate.h; sourceTree = "<group>"; };
		FAB69278259F5BA500CB163F /* AppDelegate.m */ = {isa = PBXFileReference; lastKnownFileType = sourcecode.c.objc; path = AppDelegate.m; sourceTree = "<group>"; };
		FAB6927A259F5BA500CB163F /* SceneDelegate.h */ = {isa = PBXFileReference; lastKnownFileType = sourcecode.c.h; path = SceneDelegate.h; sourceTree = "<group>"; };
		FAB6927B259F5BA500CB163F /* SceneDelegate.m */ = {isa = PBXFileReference; lastKnownFileType = sourcecode.c.objc; path = SceneDelegate.m; sourceTree = "<group>"; };
		FAB6927D259F5BA500CB163F /* ViewController.h */ = {isa = PBXFileReference; lastKnownFileType = sourcecode.c.h; path = ViewController.h; sourceTree = "<group>"; };
		FAB6927E259F5BA500CB163F /* ViewController.m */ = {isa = PBXFileReference; lastKnownFileType = sourcecode.c.objc; path = ViewController.m; sourceTree = "<group>"; };
		FAB69281259F5BA500CB163F /* Base */ = {isa = PBXFileReference; lastKnownFileType = file.storyboard; name = Base; path = Base.lproj/Main.storyboard; sourceTree = "<group>"; };
		FAB69283259F5BA800CB163F /* Assets.xcassets */ = {isa = PBXFileReference; lastKnownFileType = folder.assetcatalog; path = Assets.xcassets; sourceTree = "<group>"; };
		FAB69286259F5BA800CB163F /* Base */ = {isa = PBXFileReference; lastKnownFileType = file.storyboard; name = Base; path = Base.lproj/LaunchScreen.storyboard; sourceTree = "<group>"; };
		FAB69288259F5BA800CB163F /* Info.plist */ = {isa = PBXFileReference; lastKnownFileType = text.plist.xml; path = Info.plist; sourceTree = "<group>"; };
		FAB69289259F5BA800CB163F /* main.m */ = {isa = PBXFileReference; lastKnownFileType = sourcecode.c.objc; path = main.m; sourceTree = "<group>"; };
/* End PBXFileReference section */

/* Begin PBXFrameworksBuildPhase section */
		FAB69271259F5BA500CB163F /* Frameworks */ = {
			isa = PBXFrameworksBuildPhase;
			buildActionMask = 2147483647;
			files = (
			);
			runOnlyForDeploymentPostprocessing = 0;
		};
/* End PBXFrameworksBuildPhase section */

/* Begin PBXGroup section */
		FAB6926B259F5BA500CB163F = {
			isa = PBXGroup;
			children = (
				FAB69276259F5BA500CB163F /* Test-Project */,
				FAB69275259F5BA500CB163F /* Products */,
			);
			sourceTree = "<group>";
		};
		FAB69275259F5BA500CB163F /* Products */ = {
			isa = PBXGroup;
			children = (
				FAB69274259F5BA500CB163F /* Test-Project.app */,
			);
			name = Products;
			sourceTree = "<group>";
		};
		FAB69276259F5BA500CB163F /* Test-Project */ = {
			isa = PBXGroup;
			children = (
				FAB69277259F5BA500CB163F /* AppDelegate.h */,
				FAB69278259F5BA500CB163F /* AppDelegate.m */,
				FAB6927A259F5BA500CB163F /* SceneDelegate.h */,
				FAB6927B259F5BA500CB163F /* SceneDelegate.m */,
				FAB6927D259F5BA500CB163F /* ViewController.h */,
				FAB6927E259F5BA500CB163F /* ViewController.m */,
				FAB69280259F5BA500CB163F /* Main.storyboard */,
				FAB69283259F5BA800CB163F /* Assets.xcassets */,
				FAB69285259F5BA800CB163F /* LaunchScreen.storyboard */,
				FAB69288259F5BA800CB163F /* Info.plist */,
				FAB69289259F5BA800CB163F /* main.m */,
			);
			path = "Test-Project";
			sourceTree = "<group>";
		};
/* End PBXGroup section */

/* Begin PBXNativeTarget section */
		FAB69273259F5BA500CB163F /* Test-Project */ = {
			isa = PBXNativeTarget;
			buildConfigurationList = FAB6928D259F5BA800CB163F /* Build configuration list for PBXNativeTarget "Test-Project" */;
			buildPhases = (
				FAB69270259F5BA500CB163F /* Sources */,
				FAB69271259F5BA500CB163F /* Frameworks */,
				FAB69272259F5BA500CB163F /* Resources */,
			);
			buildRules = (
			);
			dependencies = (
			);
			name = "Test-Project";
			productName = "Test-Project";
			productReference = FAB69274259F5BA500CB163F /* Test-Project.app */;
			productType = "com.apple.product-type.application";
		};
/* End PBXNativeTarget section */

/* Begin PBXProject section */
		FAB6926C259F5BA500CB163F /* Project object */ = {
			isa = PBXProject;
			attributes = {
				LastUpgradeCheck = 1230;
				TargetAttributes = {
					FAB69273259F5BA500CB163F = {
						CreatedOnToolsVersion = 12.3;
					};
				};
			};
			buildConfigurationList = FAB6926F259F5BA500CB163F /* Build configuration list for PBXProject "Test-Project" */;
			compatibilityVersion = "Xcode 9.3";
			developmentRegion = en;
			hasScannedForEncodings = 0;
			knownRegions = (
				en,
				Base,
			);
			mainGroup = FAB6926B259F5BA500CB163F;
			productRefGroup = FAB69275259F5BA500CB163F /* Products */;
			projectDirPath = "";
			projectRoot = "";
			targets = (
				FAB69273259F5BA500CB163F /* Test-Project */,
			);
		};
/* End PBXProject section */

/* Begin PBXResourcesBuildPhase section */
		FAB69272259F5BA500CB163F /* Resources */ = {
			isa = PBXResourcesBuildPhase;
			buildActionMask = 2147483647;
			files = (
				FAB69287259F5BA800CB163F /* LaunchScreen.storyboard in Resources */,
				FAB69284259F5BA800CB163F /* Assets.xcassets in Resources */,
				FAB69282259F5BA500CB163F /* Main.storyboard in Resources */,
			);
			runOnlyForDeploymentPostprocessing = 0;
		};
/* End PBXResourcesBuildPhase section */

/* Begin PBXSourcesBuildPhase section */
		FAB69270259F5BA500CB163F /* Sources */ = {
			isa = PBXSourcesBuildPhase;
			buildActionMask = 2147483647;
			files = (
				FAB6927F259F5BA500CB163F /* ViewController.m in Sources */,
				FAB69279259F5BA500CB163F /* AppDelegate.m in Sources */,
				FAB6928A259F5BA800CB163F /* main.m in Sources */,
				FAB6927C259F5BA500CB163F /* SceneDelegate.m in Sources */,
			);
			runOnlyForDeploymentPostprocessing = 0;
		};
/* End PBXSourcesBuildPhase section */

/* Begin PBXVariantGroup section */
		FAB69280259F5BA500CB163F /* Main.storyboard */ = {
			isa = PBXVariantGroup;
			children = (
				FAB69281259F5BA500CB163F /* Base */,
			);
			name = Main.storyboard;
			sourceTree = "<group>";
		};
		FAB69285259F5BA800CB163F /* LaunchScreen.storyboard */ = {
			isa = PBXVariantGroup;
			children = (
				FAB69286259F5BA800CB163F /* Base */,
			);
			name = LaunchScreen.storyboard;
			sourceTree = "<group>";
		};
/* End PBXVariantGroup section */

/* Begin XCBuildConfiguration section */
		FAB6928B259F5BA800CB163F /* Debug */ = {
			isa = XCBuildConfiguration;
			buildSettings = {
				ALWAYS_SEARCH_USER_PATHS = NO;
				CLANG_ANALYZER_NONNULL = YES;
				CLANG_ANALYZER_NUMBER_OBJECT_CONVERSION = YES_AGGRESSIVE;
				CLANG_CXX_LANGUAGE_STANDARD = "gnu++14";
				CLANG_CXX_LIBRARY = "libc++";
				CLANG_ENABLE_MODULES = YES;
				CLANG_ENABLE_OBJC_ARC = YES;
				CLANG_ENABLE_OBJC_WEAK = YES;
				CLANG_WARN_BLOCK_CAPTURE_AUTORELEASING = YES;
				CLANG_WARN_BOOL_CONVERSION = YES;
				CLANG_WARN_COMMA = YES;
				CLANG_WARN_CONSTANT_CONVERSION = YES;
				CLANG_WARN_DEPRECATED_OBJC_IMPLEMENTATIONS = YES;
				CLANG_WARN_DIRECT_OBJC_ISA_USAGE = YES_ERROR;
				CLANG_WARN_DOCUMENTATION_COMMENTS = YES;
				CLANG_WARN_EMPTY_BODY = YES;
				CLANG_WARN_ENUM_CONVERSION = YES;
				CLANG_WARN_INFINITE_RECURSION = YES;
				CLANG_WARN_INT_CONVERSION = YES;
				CLANG_WARN_NON_LITERAL_NULL_CONVERSION = YES;
				CLANG_WARN_OBJC_IMPLICIT_RETAIN_SELF = YES;
				CLANG_WARN_OBJC_LITERAL_CONVERSION = YES;
				CLANG_WARN_OBJC_ROOT_CLASS = YES_ERROR;
				CLANG_WARN_QUOTED_INCLUDE_IN_FRAMEWORK_HEADER = YES;
				CLANG_WARN_RANGE_LOOP_ANALYSIS = YES;
				CLANG_WARN_STRICT_PROTOTYPES = YES;
				CLANG_WARN_SUSPICIOUS_MOVE = YES;
				CLANG_WARN_UNGUARDED_AVAILABILITY = YES_AGGRESSIVE;
				CLANG_WARN_UNREACHABLE_CODE = YES;
				CLANG_WARN__DUPLICATE_METHOD_MATCH = YES;
				COPY_PHASE_STRIP = NO;
				DEBUG_INFORMATION_FORMAT = dwarf;
				ENABLE_STRICT_OBJC_MSGSEND = YES;
				ENABLE_TESTABILITY = YES;
				GCC_C_LANGUAGE_STANDARD = gnu11;
				GCC_DYNAMIC_NO_PIC = NO;
				GCC_NO_COMMON_BLOCKS = YES;
				GCC_OPTIMIZATION_LEVEL = 0;
				GCC_PREPROCESSOR_DEFINITIONS = (
					"DEBUG=1",
					"$(inherited)",
				);
				GCC_WARN_64_TO_32_BIT_CONVERSION = YES;
				GCC_WARN_ABOUT_RETURN_TYPE = YES_ERROR;
				GCC_WARN_UNDECLARED_SELECTOR = YES;
				GCC_WARN_UNINITIALIZED_AUTOS = YES_AGGRESSIVE;
				GCC_WARN_UNUSED_FUNCTION = YES;
				GCC_WARN_UNUSED_VARIABLE = YES;
				IPHONEOS_DEPLOYMENT_TARGET = 14.3;
				MTL_ENABLE_DEBUG_INFO = INCLUDE_SOURCE;
				MTL_FAST_MATH = YES;
				ONLY_ACTIVE_ARCH = YES;
				SDKROOT = iphoneos;
			};
			name = Debug;
		};
		FAB6928C259F5BA800CB163F /* Release */ = {
			isa = XCBuildConfiguration;
			buildSettings = {
				ALWAYS_SEARCH_USER_PATHS = NO;
				CLANG_ANALYZER_NONNULL = YES;
				CLANG_ANALYZER_NUMBER_OBJECT_CONVERSION = YES_AGGRESSIVE;
				CLANG_CXX_LANGUAGE_STANDARD = "gnu++14";
				CLANG_CXX_LIBRARY = "libc++";
				CLANG_ENABLE_MODULES = YES;
				CLANG_ENABLE_OBJC_ARC = YES;
				CLANG_ENABLE_OBJC_WEAK = YES;
				CLANG_WARN_BLOCK_CAPTURE_AUTORELEASING = YES;
				CLANG_WARN_BOOL_CONVERSION = YES;
				CLANG_WARN_COMMA = YES;
				CLANG_WARN_CONSTANT_CONVERSION = YES;
				CLANG_WARN_DEPRECATED_OBJC_IMPLEMENTATIONS = YES;
				CLANG_WARN_DIRECT_OBJC_ISA_USAGE = YES_ERROR;
				CLANG_WARN_DOCUMENTATION_COMMENTS = YES;
				CLANG_WARN_EMPTY_BODY = YES;
				CLANG_WARN_ENUM_CONVERSION = YES;
				CLANG_WARN_INFINITE_RECURSION = YES;
				CLANG_WARN_INT_CONVERSION = YES;
				CLANG_WARN_NON_LITERAL_NULL_CONVERSION = YES;
				CLANG_WARN_OBJC_IMPLICIT_RETAIN_SELF = YES;
				CLANG_WARN_OBJC_LITERAL_CONVERSION = YES;
				CLANG_WARN_OBJC_ROOT_CLASS = YES_ERROR;
				CLANG_WARN_QUOTED_INCLUDE_IN_FRAMEWORK_HEADER = YES;
				CLANG_WARN_RANGE_LOOP_ANALYSIS = YES;
				CLANG_WARN_STRICT_PROTOTYPES = YES;
				CLANG_WARN_SUSPICIOUS_MOVE = YES;
				CLANG_WARN_UNGUARDED_AVAILABILITY = YES_AGGRESSIVE;
				CLANG_WARN_UNREACHABLE_CODE = YES;
				CLANG_WARN__DUPLICATE_METHOD_MATCH = YES;
				COPY_PHASE_STRIP = NO;
				DEBUG_INFORMATION_FORMAT = "dwarf-with-dsym";
				ENABLE_NS_ASSERTIONS = NO;
				ENABLE_STRICT_OBJC_MSGSEND = YES;
				GCC_C_LANGUAGE_STANDARD = gnu11;
				GCC_NO_COMMON_BLOCKS = YES;
				GCC_WARN_64_TO_32_BIT_CONVERSION = YES;
				GCC_WARN_ABOUT_RETURN_TYPE = YES_ERROR;
				GCC_WARN_UNDECLARED_SELECTOR = YES;
				GCC_WARN_UNINITIALIZED_AUTOS = YES_AGGRESSIVE;
				GCC_WARN_UNUSED_FUNCTION = YES;
				GCC_WARN_UNUSED_VARIABLE = YES;
				IPHONEOS_DEPLOYMENT_TARGET = 14.3;
				MTL_ENABLE_DEBUG_INFO = NO;
				MTL_FAST_MATH = YES;
				SDKROOT = iphoneos;
				VALIDATE_PRODUCT = YES;
			};
			name = Release;
		};
		FAB6928E259F5BA800CB163F /* Debug */ = {
			isa = XCBuildConfiguration;
			buildSettings = {
				ASSETCATALOG_COMPILER_APPICON_NAME = AppIcon;
				ASSETCATALOG_COMPILER_GLOBAL_ACCENT_COLOR_NAME = AccentColor;
				CODE_SIGN_STYLE = Automatic;
				DEVELOPMENT_TEAM = 2DCJXSY8PS;
				INFOPLIST_FILE = "Test-Project/Info.plist";
				LD_RUNPATH_SEARCH_PATHS = (
					"$(inherited)",
					"@executable_path/Frameworks",
				);
				PRODUCT_BUNDLE_IDENTIFIER = "com.Test-Project";
				PRODUCT_NAME = "$(TARGET_NAME)";
				TARGETED_DEVICE_FAMILY = "1,2";
			};
			name = Debug;
		};
		FAB6928F259F5BA800CB163F /* Release */ = {
			isa = XCBuildConfiguration;
			buildSettings = {
				ASSETCATALOG_COMPILER_APPICON_NAME = AppIcon;
				ASSETCATALOG_COMPILER_GLOBAL_ACCENT_COLOR_NAME = AccentColor;
				CODE_SIGN_STYLE = Automatic;
				DEVELOPMENT_TEAM = 2DCJXSY8PS;
				INFOPLIST_FILE = "Test-Project/Info.plist";
				LD_RUNPATH_SEARCH_PATHS = (
					"$(inherited)",
					"@executable_path/Frameworks",
				);
				PRODUCT_BUNDLE_IDENTIFIER = "com.Test-Project";
				PRODUCT_NAME = "$(TARGET_NAME)";
				TARGETED_DEVICE_FAMILY = "1,2";
			};
			name = Release;
		};
/* End XCBuildConfiguration section */

/* Begin XCConfigurationList section */
		FAB6926F259F5BA500CB163F /* Build configuration list for PBXProject "Test-Project" */ = {
			isa = XCConfigurationList;
			buildConfigurations = (
				FAB6928B259F5BA800CB163F /* Debug */,
				FAB6928C259F5BA800CB163F /* Release */,
			);
			defaultConfigurationIsVisible = 0;
			defaultConfigurationName = Release;
		};
		FAB6928D259F5BA800CB163F /* Build configuration list for PBXNativeTarget "Test-Project" */ = {
			isa = XCConfigurationList;
			buildConfigurations = (
				FAB6928E259F5BA800CB163F /* Debug */,
				FAB6928F259F5BA800CB163F /* Release */,
			);
			defaultConfigurationIsVisible = 0;
			defaultConfigurationName = Release;
		};
/* End XCConfigurationList section */
	};
	rootObject = FAB6926C259F5BA500CB163F /* Project object */;
}
